{
  "object": {
    "pins": [
      {
        "package": "keychain-swift",
        "repositoryURL": "https://github.com/evgenyneu/keychain-swift.git",
        "state": {
          "branch": null,
          "revision": "d9b76fba09c2eb5c0bb9312092d309c833996cd2",
          "version": "18.0.0"
        }
      }
    ]
  },
  "version": 1
}
